
Microsoft Visual Studio Solution File, Format Version 12.00
# Visual Studio Version 17
VisualStudioVersion = 17.10.35004.147
MinimumVisualStudioVersion = 10.0.40219.1
Project("{FAE04EC0-301F-11D3-BF4B-00C04F79EFBC}") = "FajlBeolvasas", "FajlBeolvasas\FajlBeolvasas.csproj", "{EDF4A233-47C4-4168-AA3D-EDE1B66F83D8}"
EndProject
Global
	GlobalSection(SolutionConfigurationPlatforms) = preSolution
		Debug|Any CPU = Debug|Any CPU
		Release|Any CPU = Release|Any CPU
	EndGlobalSection
	GlobalSection(ProjectConfigurationPlatforms) = postSolution
		{EDF4A233-47C4-4168-AA3D-EDE1B66F83D8}.Debug|Any CPU.ActiveCfg = Debug|Any CPU
		{EDF4A233-47C4-4168-AA3D-EDE1B66F83D8}.Debug|Any CPU.Build.0 = Debug|Any CPU
		{EDF4A233-47C4-4168-AA3D-EDE1B66F83D8}.Release|Any CPU.ActiveCfg = Release|Any CPU
		{EDF4A233-47C4-4168-AA3D-EDE1B66F83D8}.Release|Any CPU.Build.0 = Release|Any CPU
	EndGlobalSection
	GlobalSection(SolutionProperties) = preSolution
		HideSolutionNode = FALSE
	EndGlobalSection
	GlobalSection(ExtensibilityGlobals) = postSolution
		SolutionGuid = {B5B946CC-63E7-460B-B4A4-3D99EA83EBB5}
	EndGlobalSection
EndGlobal
